// !$*UTF8*$!
{
	archiveVersion = 1;
	classes = {
	};
	objectVersion = 46;
	objects = {

/* Begin PBXBuildFile section */
		DC0FB1D0192C14FF001AE827 /* SCRectangleCellView.m in Sources */ = {isa = PBXBuildFile; fileRef = DC0FB1CF192C14FF001AE827 /* SCRectangleCellView.m */; };
		DC4506A3192C44E700993EC7 /* Quartz.framework in Frameworks */ = {isa = PBXBuildFile; fileRef = DC4506A2192C44E700993EC7 /* Quartz.framework */; };
		DC891808192E89C3006FAE71 /* CIFilter+Categories.m in Sources */ = {isa = PBXBuildFile; fileRef = DC891807192E89C3006FAE71 /* CIFilter+Categories.m */; };
		DC891819192EC682006FAE71 /* SCRecorderMac.framework in Frameworks */ = {isa = PBXBuildFile; fileRef = DC891818192EC682006FAE71 /* SCRecorderMac.framework */; };
		DC89181A192EC686006FAE71 /* SCRecorderMac.framework in CopyFiles */ = {isa = PBXBuildFile; fileRef = DC891818192EC682006FAE71 /* SCRecorderMac.framework */; };
		DCB0418A1926817D00D945D2 /* Cocoa.framework in Frameworks */ = {isa = PBXBuildFile; fileRef = DCB041891926817D00D945D2 /* Cocoa.framework */; };
		DCB041941926817D00D945D2 /* InfoPlist.strings in Resources */ = {isa = PBXBuildFile; fileRef = DCB041921926817D00D945D2 /* InfoPlist.strings */; };
		DCB041961926817D00D945D2 /* main.m in Sources */ = {isa = PBXBuildFile; fileRef = DCB041951926817D00D945D2 /* main.m */; };
		DCB0419A1926817D00D945D2 /* Credits.rtf in Resources */ = {isa = PBXBuildFile; fileRef = DCB041981926817D00D945D2 /* Credits.rtf */; };
		DCB0419D1926817D00D945D2 /* SCAppDelegate.m in Sources */ = {isa = PBXBuildFile; fileRef = DCB0419C1926817D00D945D2 /* SCAppDelegate.m */; };
		DCB041A01926817D00D945D2 /* MainMenu.xib in Resources */ = {isa = PBXBuildFile; fileRef = DCB0419E1926817D00D945D2 /* MainMenu.xib */; };
		DCB041A21926817D00D945D2 /* Images.xcassets in Resources */ = {isa = PBXBuildFile; fileRef = DCB041A11926817D00D945D2 /* Images.xcassets */; };
		DCB041CB1926A3D800D945D2 /* AVFoundation.framework in Frameworks */ = {isa = PBXBuildFile; fileRef = DCB041CA1926A3D800D945D2 /* AVFoundation.framework */; };
		DCB041CE1926A8E200D945D2 /* SCFilterTranslator.m in Sources */ = {isa = PBXBuildFile; fileRef = DCB041CD1926A8E200D945D2 /* SCFilterTranslator.m */; };
		DCB041D61926C6F700D945D2 /* QuartzCore.framework in Frameworks */ = {isa = PBXBuildFile; fileRef = DCB041D51926C6F700D945D2 /* QuartzCore.framework */; };
		DCB041E51926CA5E00D945D2 /* SCMainWindowController.m in Sources */ = {isa = PBXBuildFile; fileRef = DCB041E31926CA5E00D945D2 /* SCMainWindowController.m */; };
		DCB041E61926CA5E00D945D2 /* SCMainWindowController.xib in Resources */ = {isa = PBXBuildFile; fileRef = DCB041E41926CA5E00D945D2 /* SCMainWindowController.xib */; };
		DCB041E91926CC8D00D945D2 /* SCMainWindow.m in Sources */ = {isa = PBXBuildFile; fileRef = DCB041E81926CC8D00D945D2 /* SCMainWindow.m */; };
		DCB041EC1926CE0700D945D2 /* SCMediaDisplayerView.m in Sources */ = {isa = PBXBuildFile; fileRef = DCB041EB1926CE0700D945D2 /* SCMediaDisplayerView.m */; };
		DCB041FE1926D1D500D945D2 /* GLKit.framework in Frameworks */ = {isa = PBXBuildFile; fileRef = DCB041FD1926D1D500D945D2 /* GLKit.framework */; };
		DCB042031926F05600D945D2 /* SCFilterView.m in Sources */ = {isa = PBXBuildFile; fileRef = DCB042021926F05600D945D2 /* SCFilterView.m */; };
		DCB0420E192A78F100D945D2 /* SCFilterConfiguratorWindowController.m in Sources */ = {isa = PBXBuildFile; fileRef = DCB0420C192A78F100D945D2 /* SCFilterConfiguratorWindowController.m */; };
		DCB0420F192A78F100D945D2 /* SCFilterConfiguratorWindowController.xib in Resources */ = {isa = PBXBuildFile; fileRef = DCB0420D192A78F100D945D2 /* SCFilterConfiguratorWindowController.xib */; };
		DCB04212192A7B0C00D945D2 /* SCDistanceCellView.m in Sources */ = {isa = PBXBuildFile; fileRef = DCB04211192A7B0C00D945D2 /* SCDistanceCellView.m */; };
		DCB04216192A7C2D00D945D2 /* SCUnsupportedCellView.m in Sources */ = {isa = PBXBuildFile; fileRef = DCB04215192A7C2D00D945D2 /* SCUnsupportedCellView.m */; };
		DCB04219192A7DCD00D945D2 /* SCFilterParameterConfigurationCellView.m in Sources */ = {isa = PBXBuildFile; fileRef = DCB04218192A7DCD00D945D2 /* SCFilterParameterConfigurationCellView.m */; };
		DCB0421D192A8E7D00D945D2 /* NSTableView+Resize.m in Sources */ = {isa = PBXBuildFile; fileRef = DCB0421C192A8E7D00D945D2 /* NSTableView+Resize.m */; };
		DCB04220192AB15700D945D2 /* SCAngleCellView.m in Sources */ = {isa = PBXBuildFile; fileRef = DCB0421F192AB15700D945D2 /* SCAngleCellView.m */; };
		DCB04223192AB3D800D945D2 /* SCResetDefaultsCellView.m in Sources */ = {isa = PBXBuildFile; fileRef = DCB04222192AB3D800D945D2 /* SCResetDefaultsCellView.m */; };
		DCB04226192ABA2E00D945D2 /* SCPositionCellView.m in Sources */ = {isa = PBXBuildFile; fileRef = DCB04225192ABA2E00D945D2 /* SCPositionCellView.m */; };
		DCBF83D419DE1FF9006547EE /* SCVectorCellView.m in Sources */ = {isa = PBXBuildFile; fileRef = DCBF83D319DE1FF9006547EE /* SCVectorCellView.m */; };
		DCFE4A7019DF0F59004602EF /* SCConfigurationTableView.m in Sources */ = {isa = PBXBuildFile; fileRef = DCFE4A6F19DF0F59004602EF /* SCConfigurationTableView.m */; };
/* End PBXBuildFile section */

/* Begin PBXCopyFilesBuildPhase section */
		DCA8EF96192BDA7400839BE2 /* CopyFiles */ = {
			isa = PBXCopyFilesBuildPhase;
			buildActionMask = 2147483647;
			dstPath = "";
			dstSubfolderSpec = 10;
			files = (
				DC89181A192EC686006FAE71 /* SCRecorderMac.framework in CopyFiles */,
			);
			runOnlyForDeploymentPostprocessing = 0;
		};
/* End PBXCopyFilesBuildPhase section */

/* Begin PBXFileReference section */
		DC0FB1CE192C14FF001AE827 /* SCRectangleCellView.h */ = {isa = PBXFileReference; fileEncoding = 4; lastKnownFileType = sourcecode.c.h; path = SCRectangleCellView.h; sourceTree = "<group>"; };
		DC0FB1CF192C14FF001AE827 /* SCRectangleCellView.m */ = {isa = PBXFileReference; fileEncoding = 4; lastKnownFileType = sourcecode.c.objc; path = SCRectangleCellView.m; sourceTree = "<group>"; };
		DC4506A2192C44E700993EC7 /* Quartz.framework */ = {isa = PBXFileReference; lastKnownFileType = wrapper.framework; name = Quartz.framework; path = System/Library/Frameworks/Quartz.framework; sourceTree = SDKROOT; };
		DC891806192E89C3006FAE71 /* CIFilter+Categories.h */ = {isa = PBXFileReference; fileEncoding = 4; lastKnownFileType = sourcecode.c.h; path = "CIFilter+Categories.h"; sourceTree = "<group>"; };
		DC891807192E89C3006FAE71 /* CIFilter+Categories.m */ = {isa = PBXFileReference; fileEncoding = 4; lastKnownFileType = sourcecode.c.objc; path = "CIFilter+Categories.m"; sourceTree = "<group>"; };
		DC891818192EC682006FAE71 /* SCRecorderMac.framework */ = {isa = PBXFileReference; lastKnownFileType = wrapper.framework; path = SCRecorderMac.framework; sourceTree = "<group>"; };
		DCB041861926817D00D945D2 /* CoreImageShop.app */ = {isa = PBXFileReference; explicitFileType = wrapper.application; includeInIndex = 0; path = CoreImageShop.app; sourceTree = BUILT_PRODUCTS_DIR; };
		DCB041891926817D00D945D2 /* Cocoa.framework */ = {isa = PBXFileReference; lastKnownFileType = wrapper.framework; name = Cocoa.framework; path = System/Library/Frameworks/Cocoa.framework; sourceTree = SDKROOT; };
		DCB0418C1926817D00D945D2 /* AppKit.framework */ = {isa = PBXFileReference; lastKnownFileType = wrapper.framework; name = AppKit.framework; path = System/Library/Frameworks/AppKit.framework; sourceTree = SDKROOT; };
		DCB0418D1926817D00D945D2 /* CoreData.framework */ = {isa = PBXFileReference; lastKnownFileType = wrapper.framework; name = CoreData.framework; path = System/Library/Frameworks/CoreData.framework; sourceTree = SDKROOT; };
		DCB0418E1926817D00D945D2 /* Foundation.framework */ = {isa = PBXFileReference; lastKnownFileType = wrapper.framework; name = Foundation.framework; path = System/Library/Frameworks/Foundation.framework; sourceTree = SDKROOT; };
		DCB041911926817D00D945D2 /* CoreImageShop-Info.plist */ = {isa = PBXFileReference; lastKnownFileType = text.plist.xml; path = "CoreImageShop-Info.plist"; sourceTree = "<group>"; };
		DCB041931926817D00D945D2 /* en */ = {isa = PBXFileReference; lastKnownFileType = text.plist.strings; name = en; path = en.lproj/InfoPlist.strings; sourceTree = "<group>"; };
		DCB041951926817D00D945D2 /* main.m */ = {isa = PBXFileReference; lastKnownFileType = sourcecode.c.objc; path = main.m; sourceTree = "<group>"; };
		DCB041971926817D00D945D2 /* CoreImageShop-Prefix.pch */ = {isa = PBXFileReference; lastKnownFileType = sourcecode.c.h; path = "CoreImageShop-Prefix.pch"; sourceTree = "<group>"; };
		DCB041991926817D00D945D2 /* en */ = {isa = PBXFileReference; lastKnownFileType = text.rtf; name = en; path = en.lproj/Credits.rtf; sourceTree = "<group>"; };
		DCB0419B1926817D00D945D2 /* SCAppDelegate.h */ = {isa = PBXFileReference; lastKnownFileType = sourcecode.c.h; path = SCAppDelegate.h; sourceTree = "<group>"; };
		DCB0419C1926817D00D945D2 /* SCAppDelegate.m */ = {isa = PBXFileReference; lastKnownFileType = sourcecode.c.objc; path = SCAppDelegate.m; sourceTree = "<group>"; };
		DCB0419F1926817D00D945D2 /* Base */ = {isa = PBXFileReference; lastKnownFileType = file.xib; name = Base; path = Base.lproj/MainMenu.xib; sourceTree = "<group>"; };
		DCB041A11926817D00D945D2 /* Images.xcassets */ = {isa = PBXFileReference; lastKnownFileType = folder.assetcatalog; path = Images.xcassets; sourceTree = "<group>"; };
		DCB041A81926817D00D945D2 /* XCTest.framework */ = {isa = PBXFileReference; lastKnownFileType = wrapper.framework; name = XCTest.framework; path = Library/Frameworks/XCTest.framework; sourceTree = DEVELOPER_DIR; };
		DCB041CA1926A3D800D945D2 /* AVFoundation.framework */ = {isa = PBXFileReference; lastKnownFileType = wrapper.framework; name = AVFoundation.framework; path = System/Library/Frameworks/AVFoundation.framework; sourceTree = SDKROOT; };
		DCB041CC1926A8E200D945D2 /* SCFilterTranslator.h */ = {isa = PBXFileReference; fileEncoding = 4; lastKnownFileType = sourcecode.c.h; path = SCFilterTranslator.h; sourceTree = "<group>"; };
		DCB041CD1926A8E200D945D2 /* SCFilterTranslator.m */ = {isa = PBXFileReference; fileEncoding = 4; lastKnownFileType = sourcecode.c.objc; path = SCFilterTranslator.m; sourceTree = "<group>"; };
		DCB041D51926C6F700D945D2 /* QuartzCore.framework */ = {isa = PBXFileReference; lastKnownFileType = wrapper.framework; name = QuartzCore.framework; path = System/Library/Frameworks/QuartzCore.framework; sourceTree = SDKROOT; };
		DCB041E21926CA5E00D945D2 /* SCMainWindowController.h */ = {isa = PBXFileReference; fileEncoding = 4; lastKnownFileType = sourcecode.c.h; path = SCMainWindowController.h; sourceTree = "<group>"; };
		DCB041E31926CA5E00D945D2 /* SCMainWindowController.m */ = {isa = PBXFileReference; fileEncoding = 4; lastKnownFileType = sourcecode.c.objc; path = SCMainWindowController.m; sourceTree = "<group>"; };
		DCB041E41926CA5E00D945D2 /* SCMainWindowController.xib */ = {isa = PBXFileReference; fileEncoding = 4; lastKnownFileType = file.xib; path = SCMainWindowController.xib; sourceTree = "<group>"; };
		DCB041E71926CC8D00D945D2 /* SCMainWindow.h */ = {isa = PBXFileReference; fileEncoding = 4; lastKnownFileType = sourcecode.c.h; path = SCMainWindow.h; sourceTree = "<group>"; };
		DCB041E81926CC8D00D945D2 /* SCMainWindow.m */ = {isa = PBXFileReference; fileEncoding = 4; lastKnownFileType = sourcecode.c.objc; path = SCMainWindow.m; sourceTree = "<group>"; };
		DCB041EA1926CE0700D945D2 /* SCMediaDisplayerView.h */ = {isa = PBXFileReference; fileEncoding = 4; lastKnownFileType = sourcecode.c.h; path = SCMediaDisplayerView.h; sourceTree = "<group>"; };
		DCB041EB1926CE0700D945D2 /* SCMediaDisplayerView.m */ = {isa = PBXFileReference; fileEncoding = 4; lastKnownFileType = sourcecode.c.objc; path = SCMediaDisplayerView.m; sourceTree = "<group>"; };
		DCB041FD1926D1D500D945D2 /* GLKit.framework */ = {isa = PBXFileReference; lastKnownFileType = wrapper.framework; name = GLKit.framework; path = System/Library/Frameworks/GLKit.framework; sourceTree = SDKROOT; };
		DCB042011926F05600D945D2 /* SCFilterView.h */ = {isa = PBXFileReference; fileEncoding = 4; lastKnownFileType = sourcecode.c.h; path = SCFilterView.h; sourceTree = "<group>"; };
		DCB042021926F05600D945D2 /* SCFilterView.m */ = {isa = PBXFileReference; fileEncoding = 4; lastKnownFileType = sourcecode.c.objc; path = SCFilterView.m; sourceTree = "<group>"; };
		DCB0420B192A78F100D945D2 /* SCFilterConfiguratorWindowController.h */ = {isa = PBXFileReference; fileEncoding = 4; lastKnownFileType = sourcecode.c.h; path = SCFilterConfiguratorWindowController.h; sourceTree = "<group>"; };
		DCB0420C192A78F100D945D2 /* SCFilterConfiguratorWindowController.m */ = {isa = PBXFileReference; fileEncoding = 4; lastKnownFileType = sourcecode.c.objc; path = SCFilterConfiguratorWindowController.m; sourceTree = "<group>"; };
		DCB0420D192A78F100D945D2 /* SCFilterConfiguratorWindowController.xib */ = {isa = PBXFileReference; fileEncoding = 4; lastKnownFileType = file.xib; path = SCFilterConfiguratorWindowController.xib; sourceTree = "<group>"; };
		DCB04210192A7B0C00D945D2 /* SCDistanceCellView.h */ = {isa = PBXFileReference; fileEncoding = 4; lastKnownFileType = sourcecode.c.h; path = SCDistanceCellView.h; sourceTree = "<group>"; };
		DCB04211192A7B0C00D945D2 /* SCDistanceCellView.m */ = {isa = PBXFileReference; fileEncoding = 4; lastKnownFileType = sourcecode.c.objc; path = SCDistanceCellView.m; sourceTree = "<group>"; };
		DCB04214192A7C2D00D945D2 /* SCUnsupportedCellView.h */ = {isa = PBXFileReference; fileEncoding = 4; lastKnownFileType = sourcecode.c.h; path = SCUnsupportedCellView.h; sourceTree = "<group>"; };
		DCB04215192A7C2D00D945D2 /* SCUnsupportedCellView.m */ = {isa = PBXFileReference; fileEncoding = 4; lastKnownFileType = sourcecode.c.objc; path = SCUnsupportedCellView.m; sourceTree = "<group>"; };
		DCB04217192A7DCD00D945D2 /* SCFilterParameterConfigurationCellView.h */ = {isa = PBXFileReference; fileEncoding = 4; lastKnownFileType = sourcecode.c.h; path = SCFilterParameterConfigurationCellView.h; sourceTree = "<group>"; };
		DCB04218192A7DCD00D945D2 /* SCFilterParameterConfigurationCellView.m */ = {isa = PBXFileReference; fileEncoding = 4; lastKnownFileType = sourcecode.c.objc; path = SCFilterParameterConfigurationCellView.m; sourceTree = "<group>"; };
		DCB0421B192A8E7D00D945D2 /* NSTableView+Resize.h */ = {isa = PBXFileReference; fileEncoding = 4; lastKnownFileType = sourcecode.c.h; path = "NSTableView+Resize.h"; sourceTree = "<group>"; };
		DCB0421C192A8E7D00D945D2 /* NSTableView+Resize.m */ = {isa = PBXFileReference; fileEncoding = 4; lastKnownFileType = sourcecode.c.objc; path = "NSTableView+Resize.m"; sourceTree = "<group>"; };
		DCB0421E192AB15700D945D2 /* SCAngleCellView.h */ = {isa = PBXFileReference; fileEncoding = 4; lastKnownFileType = sourcecode.c.h; path = SCAngleCellView.h; sourceTree = "<group>"; };
		DCB0421F192AB15700D945D2 /* SCAngleCellView.m */ = {isa = PBXFileReference; fileEncoding = 4; lastKnownFileType = sourcecode.c.objc; path = SCAngleCellView.m; sourceTree = "<group>"; };
		DCB04221192AB3D800D945D2 /* SCResetDefaultsCellView.h */ = {isa = PBXFileReference; fileEncoding = 4; lastKnownFileType = sourcecode.c.h; path = SCResetDefaultsCellView.h; sourceTree = "<group>"; };
		DCB04222192AB3D800D945D2 /* SCResetDefaultsCellView.m */ = {isa = PBXFileReference; fileEncoding = 4; lastKnownFileType = sourcecode.c.objc; path = SCResetDefaultsCellView.m; sourceTree = "<group>"; };
		DCB04224192ABA2E00D945D2 /* SCPositionCellView.h */ = {isa = PBXFileReference; fileEncoding = 4; lastKnownFileType = sourcecode.c.h; path = SCPositionCellView.h; sourceTree = "<group>"; };
		DCB04225192ABA2E00D945D2 /* SCPositionCellView.m */ = {isa = PBXFileReference; fileEncoding = 4; lastKnownFileType = sourcecode.c.objc; path = SCPositionCellView.m; sourceTree = "<group>"; };
		DCBF83D219DE1FF9006547EE /* SCVectorCellView.h */ = {isa = PBXFileReference; fileEncoding = 4; lastKnownFileType = sourcecode.c.h; path = SCVectorCellView.h; sourceTree = "<group>"; };
		DCBF83D319DE1FF9006547EE /* SCVectorCellView.m */ = {isa = PBXFileReference; fileEncoding = 4; lastKnownFileType = sourcecode.c.objc; path = SCVectorCellView.m; sourceTree = "<group>"; };
		DCFE4A6E19DF0F59004602EF /* SCConfigurationTableView.h */ = {isa = PBXFileReference; fileEncoding = 4; lastKnownFileType = sourcecode.c.h; path = SCConfigurationTableView.h; sourceTree = "<group>"; };
		DCFE4A6F19DF0F59004602EF /* SCConfigurationTableView.m */ = {isa = PBXFileReference; fileEncoding = 4; lastKnownFileType = sourcecode.c.objc; path = SCConfigurationTableView.m; sourceTree = "<group>"; };
/* End PBXFileReference section */

/* Begin PBXFrameworksBuildPhase section */
		DCB041831926817D00D945D2 /* Frameworks */ = {
			isa = PBXFrameworksBuildPhase;
			buildActionMask = 2147483647;
			files = (
				DC4506A3192C44E700993EC7 /* Quartz.framework in Frameworks */,
				DCB041FE1926D1D500D945D2 /* GLKit.framework in Frameworks */,
				DC891819192EC682006FAE71 /* SCRecorderMac.framework in Frameworks */,
				DCB041D61926C6F700D945D2 /* QuartzCore.framework in Frameworks */,
				DCB041CB1926A3D800D945D2 /* AVFoundation.framework in Frameworks */,
				DCB0418A1926817D00D945D2 /* Cocoa.framework in Frameworks */,
			);
			runOnlyForDeploymentPostprocessing = 0;
		};
/* End PBXFrameworksBuildPhase section */

/* Begin PBXGroup section */
		DCB0417D1926817D00D945D2 = {
			isa = PBXGroup;
			children = (
				DC891818192EC682006FAE71 /* SCRecorderMac.framework */,
				DCB0418F1926817D00D945D2 /* Sources */,
				DCB041881926817D00D945D2 /* Frameworks */,
				DCB041871926817D00D945D2 /* Products */,
			);
			sourceTree = "<group>";
		};
		DCB041871926817D00D945D2 /* Products */ = {
			isa = PBXGroup;
			children = (
				DCB041861926817D00D945D2 /* CoreImageShop.app */,
			);
			name = Products;
			sourceTree = "<group>";
		};
		DCB041881926817D00D945D2 /* Frameworks */ = {
			isa = PBXGroup;
			children = (
				DC4506A2192C44E700993EC7 /* Quartz.framework */,
				DCB041FD1926D1D500D945D2 /* GLKit.framework */,
				DCB041D51926C6F700D945D2 /* QuartzCore.framework */,
				DCB041CA1926A3D800D945D2 /* AVFoundation.framework */,
				DCB041891926817D00D945D2 /* Cocoa.framework */,
				DCB041A81926817D00D945D2 /* XCTest.framework */,
				DCB0418B1926817D00D945D2 /* Other Frameworks */,
			);
			name = Frameworks;
			sourceTree = "<group>";
		};
		DCB0418B1926817D00D945D2 /* Other Frameworks */ = {
			isa = PBXGroup;
			children = (
				DCB0418C1926817D00D945D2 /* AppKit.framework */,
				DCB0418D1926817D00D945D2 /* CoreData.framework */,
				DCB0418E1926817D00D945D2 /* Foundation.framework */,
			);
			name = "Other Frameworks";
			sourceTree = "<group>";
		};
		DCB0418F1926817D00D945D2 /* Sources */ = {
			isa = PBXGroup;
			children = (
				DCB04213192A7B0F00D945D2 /* Configurations */,
				DCB041C91926A3C000D945D2 /* Filters */,
				DCB0419B1926817D00D945D2 /* SCAppDelegate.h */,
				DCB0419C1926817D00D945D2 /* SCAppDelegate.m */,
				DCB0419E1926817D00D945D2 /* MainMenu.xib */,
				DCB041A11926817D00D945D2 /* Images.xcassets */,
				DCB041901926817D00D945D2 /* Supporting Files */,
				DCB041E21926CA5E00D945D2 /* SCMainWindowController.h */,
				DCB041E31926CA5E00D945D2 /* SCMainWindowController.m */,
				DCB041E41926CA5E00D945D2 /* SCMainWindowController.xib */,
				DCB041E71926CC8D00D945D2 /* SCMainWindow.h */,
				DCB041E81926CC8D00D945D2 /* SCMainWindow.m */,
				DCB041EA1926CE0700D945D2 /* SCMediaDisplayerView.h */,
				DCB041EB1926CE0700D945D2 /* SCMediaDisplayerView.m */,
				DCB042011926F05600D945D2 /* SCFilterView.h */,
				DCB042021926F05600D945D2 /* SCFilterView.m */,
				DCB0421B192A8E7D00D945D2 /* NSTableView+Resize.h */,
				DCB0421C192A8E7D00D945D2 /* NSTableView+Resize.m */,
			);
			path = Sources;
			sourceTree = "<group>";
		};
		DCB041901926817D00D945D2 /* Supporting Files */ = {
			isa = PBXGroup;
			children = (
				DCB041911926817D00D945D2 /* CoreImageShop-Info.plist */,
				DCB041921926817D00D945D2 /* InfoPlist.strings */,
				DCB041951926817D00D945D2 /* main.m */,
				DCB041971926817D00D945D2 /* CoreImageShop-Prefix.pch */,
				DCB041981926817D00D945D2 /* Credits.rtf */,
			);
			name = "Supporting Files";
			sourceTree = "<group>";
		};
		DCB041C91926A3C000D945D2 /* Filters */ = {
			isa = PBXGroup;
			children = (
				DCB041CC1926A8E200D945D2 /* SCFilterTranslator.h */,
				DCB041CD1926A8E200D945D2 /* SCFilterTranslator.m */,
				DC891806192E89C3006FAE71 /* CIFilter+Categories.h */,
				DC891807192E89C3006FAE71 /* CIFilter+Categories.m */,
			);
			name = Filters;
			sourceTree = "<group>";
		};
		DCB04213192A7B0F00D945D2 /* Configurations */ = {
			isa = PBXGroup;
			children = (
				DCB0420B192A78F100D945D2 /* SCFilterConfiguratorWindowController.h */,
				DCB0420C192A78F100D945D2 /* SCFilterConfiguratorWindowController.m */,
				DCB0420D192A78F100D945D2 /* SCFilterConfiguratorWindowController.xib */,
				DCB04210192A7B0C00D945D2 /* SCDistanceCellView.h */,
				DCB04211192A7B0C00D945D2 /* SCDistanceCellView.m */,
				DCB04214192A7C2D00D945D2 /* SCUnsupportedCellView.h */,
				DCB04215192A7C2D00D945D2 /* SCUnsupportedCellView.m */,
				DCB04217192A7DCD00D945D2 /* SCFilterParameterConfigurationCellView.h */,
				DCB04218192A7DCD00D945D2 /* SCFilterParameterConfigurationCellView.m */,
				DCB0421E192AB15700D945D2 /* SCAngleCellView.h */,
				DCB0421F192AB15700D945D2 /* SCAngleCellView.m */,
				DCB04221192AB3D800D945D2 /* SCResetDefaultsCellView.h */,
				DCB04222192AB3D800D945D2 /* SCResetDefaultsCellView.m */,
				DCB04224192ABA2E00D945D2 /* SCPositionCellView.h */,
				DCB04225192ABA2E00D945D2 /* SCPositionCellView.m */,
				DC0FB1CE192C14FF001AE827 /* SCRectangleCellView.h */,
				DC0FB1CF192C14FF001AE827 /* SCRectangleCellView.m */,
				DCBF83D219DE1FF9006547EE /* SCVectorCellView.h */,
				DCBF83D319DE1FF9006547EE /* SCVectorCellView.m */,
				DCFE4A6E19DF0F59004602EF /* SCConfigurationTableView.h */,
				DCFE4A6F19DF0F59004602EF /* SCConfigurationTableView.m */,
			);
			name = Configurations;
			sourceTree = "<group>";
		};
/* End PBXGroup section */

/* Begin PBXNativeTarget section */
		DCB041851926817D00D945D2 /* CoreImageShop */ = {
			isa = PBXNativeTarget;
			buildConfigurationList = DCB041B71926817E00D945D2 /* Build configuration list for PBXNativeTarget "CoreImageShop" */;
			buildPhases = (
				DCB041821926817D00D945D2 /* Sources */,
				DCB041831926817D00D945D2 /* Frameworks */,
				DCB041841926817D00D945D2 /* Resources */,
				DCA8EF96192BDA7400839BE2 /* CopyFiles */,
			);
			buildRules = (
			);
			dependencies = (
			);
			name = CoreImageShop;
			productName = CoreImageShop;
			productReference = DCB041861926817D00D945D2 /* CoreImageShop.app */;
			productType = "com.apple.product-type.application";
		};
/* End PBXNativeTarget section */

/* Begin PBXProject section */
		DCB0417E1926817D00D945D2 /* Project object */ = {
			isa = PBXProject;
			attributes = {
				CLASSPREFIX = SC;
				LastUpgradeCheck = 0510;
			};
			buildConfigurationList = DCB041811926817D00D945D2 /* Build configuration list for PBXProject "CoreImageShop" */;
			compatibilityVersion = "Xcode 3.2";
			developmentRegion = English;
			hasScannedForEncodings = 0;
			knownRegions = (
				en,
				Base,
			);
			mainGroup = DCB0417D1926817D00D945D2;
			productRefGroup = DCB041871926817D00D945D2 /* Products */;
			projectDirPath = "";
			projectRoot = "";
			targets = (
				DCB041851926817D00D945D2 /* CoreImageShop */,
			);
		};
/* End PBXProject section */

/* Begin PBXResourcesBuildPhase section */
		DCB041841926817D00D945D2 /* Resources */ = {
			isa = PBXResourcesBuildPhase;
			buildActionMask = 2147483647;
			files = (
				DCB041941926817D00D945D2 /* InfoPlist.strings in Resources */,
				DCB041A21926817D00D945D2 /* Images.xcassets in Resources */,
				DCB0420F192A78F100D945D2 /* SCFilterConfiguratorWindowController.xib in Resources */,
				DCB0419A1926817D00D945D2 /* Credits.rtf in Resources */,
				DCB041A01926817D00D945D2 /* MainMenu.xib in Resources */,
				DCB041E61926CA5E00D945D2 /* SCMainWindowController.xib in Resources */,
			);
			runOnlyForDeploymentPostprocessing = 0;
		};
/* End PBXResourcesBuildPhase section */

/* Begin PBXSourcesBuildPhase section */
		DCB041821926817D00D945D2 /* Sources */ = {
			isa = PBXSourcesBuildPhase;
			buildActionMask = 2147483647;
			files = (
				DCB0421D192A8E7D00D945D2 /* NSTableView+Resize.m in Sources */,
				DCB041E51926CA5E00D945D2 /* SCMainWindowController.m in Sources */,
				DC0FB1D0192C14FF001AE827 /* SCRectangleCellView.m in Sources */,
				DCB042031926F05600D945D2 /* SCFilterView.m in Sources */,
				DCB0419D1926817D00D945D2 /* SCAppDelegate.m in Sources */,
				DC891808192E89C3006FAE71 /* CIFilter+Categories.m in Sources */,
				DCFE4A7019DF0F59004602EF /* SCConfigurationTableView.m in Sources */,
				DCB041E91926CC8D00D945D2 /* SCMainWindow.m in Sources */,
				DCB04226192ABA2E00D945D2 /* SCPositionCellView.m in Sources */,
				DCB04220192AB15700D945D2 /* SCAngleCellView.m in Sources */,
				DCB04212192A7B0C00D945D2 /* SCDistanceCellView.m in Sources */,
				DCB041CE1926A8E200D945D2 /* SCFilterTranslator.m in Sources */,
				DCBF83D419DE1FF9006547EE /* SCVectorCellView.m in Sources */,
				DCB04219192A7DCD00D945D2 /* SCFilterParameterConfigurationCellView.m in Sources */,
				DCB04223192AB3D800D945D2 /* SCResetDefaultsCellView.m in Sources */,
				DCB041961926817D00D945D2 /* main.m in Sources */,
				DCB04216192A7C2D00D945D2 /* SCUnsupportedCellView.m in Sources */,
				DCB0420E192A78F100D945D2 /* SCFilterConfiguratorWindowController.m in Sources */,
				DCB041EC1926CE0700D945D2 /* SCMediaDisplayerView.m in Sources */,
			);
			runOnlyForDeploymentPostprocessing = 0;
		};
/* End PBXSourcesBuildPhase section */

/* Begin PBXVariantGroup section */
		DCB041921926817D00D945D2 /* InfoPlist.strings */ = {
			isa = PBXVariantGroup;
			children = (
				DCB041931926817D00D945D2 /* en */,
			);
			name = InfoPlist.strings;
			sourceTree = "<group>";
		};
		DCB041981926817D00D945D2 /* Credits.rtf */ = {
			isa = PBXVariantGroup;
			children = (
				DCB041991926817D00D945D2 /* en */,
			);
			name = Credits.rtf;
			sourceTree = "<group>";
		};
		DCB0419E1926817D00D945D2 /* MainMenu.xib */ = {
			isa = PBXVariantGroup;
			children = (
				DCB0419F1926817D00D945D2 /* Base */,
			);
			name = MainMenu.xib;
			sourceTree = "<group>";
		};
/* End PBXVariantGroup section */

/* Begin XCBuildConfiguration section */
		DCB041B51926817E00D945D2 /* Debug */ = {
			isa = XCBuildConfiguration;
			buildSettings = {
				ALWAYS_SEARCH_USER_PATHS = NO;
				CLANG_CXX_LANGUAGE_STANDARD = "gnu++0x";
				CLANG_CXX_LIBRARY = "libc++";
				CLANG_ENABLE_MODULES = YES;
				CLANG_ENABLE_OBJC_ARC = YES;
				CLANG_WARN_BOOL_CONVERSION = YES;
				CLANG_WARN_CONSTANT_CONVERSION = YES;
				CLANG_WARN_DIRECT_OBJC_ISA_USAGE = YES_ERROR;
				CLANG_WARN_EMPTY_BODY = YES;
				CLANG_WARN_ENUM_CONVERSION = YES;
				CLANG_WARN_INT_CONVERSION = YES;
				CLANG_WARN_OBJC_ROOT_CLASS = YES_ERROR;
				CLANG_WARN__DUPLICATE_METHOD_MATCH = YES;
				COPY_PHASE_STRIP = NO;
				GCC_C_LANGUAGE_STANDARD = gnu99;
				GCC_DYNAMIC_NO_PIC = NO;
				GCC_ENABLE_OBJC_EXCEPTIONS = YES;
				GCC_OPTIMIZATION_LEVEL = 0;
				GCC_PREPROCESSOR_DEFINITIONS = (
					"DEBUG=1",
					"$(inherited)",
				);
				GCC_SYMBOLS_PRIVATE_EXTERN = NO;
				GCC_WARN_64_TO_32_BIT_CONVERSION = YES;
				GCC_WARN_ABOUT_RETURN_TYPE = YES_ERROR;
				GCC_WARN_UNDECLARED_SELECTOR = YES;
				GCC_WARN_UNINITIALIZED_AUTOS = YES_AGGRESSIVE;
				GCC_WARN_UNUSED_FUNCTION = YES;
				GCC_WARN_UNUSED_VARIABLE = YES;
				MACOSX_DEPLOYMENT_TARGET = 10.9;
				ONLY_ACTIVE_ARCH = YES;
				SDKROOT = macosx;
			};
			name = Debug;
		};
		DCB041B61926817E00D945D2 /* Release */ = {
			isa = XCBuildConfiguration;
			buildSettings = {
				ALWAYS_SEARCH_USER_PATHS = NO;
				CLANG_CXX_LANGUAGE_STANDARD = "gnu++0x";
				CLANG_CXX_LIBRARY = "libc++";
				CLANG_ENABLE_MODULES = YES;
				CLANG_ENABLE_OBJC_ARC = YES;
				CLANG_WARN_BOOL_CONVERSION = YES;
				CLANG_WARN_CONSTANT_CONVERSION = YES;
				CLANG_WARN_DIRECT_OBJC_ISA_USAGE = YES_ERROR;
				CLANG_WARN_EMPTY_BODY = YES;
				CLANG_WARN_ENUM_CONVERSION = YES;
				CLANG_WARN_INT_CONVERSION = YES;
				CLANG_WARN_OBJC_ROOT_CLASS = YES_ERROR;
				CLANG_WARN__DUPLICATE_METHOD_MATCH = YES;
				COPY_PHASE_STRIP = YES;
				DEBUG_INFORMATION_FORMAT = "dwarf-with-dsym";
				ENABLE_NS_ASSERTIONS = NO;
				GCC_C_LANGUAGE_STANDARD = gnu99;
				GCC_ENABLE_OBJC_EXCEPTIONS = YES;
				GCC_WARN_64_TO_32_BIT_CONVERSION = YES;
				GCC_WARN_ABOUT_RETURN_TYPE = YES_ERROR;
				GCC_WARN_UNDECLARED_SELECTOR = YES;
				GCC_WARN_UNINITIALIZED_AUTOS = YES_AGGRESSIVE;
				GCC_WARN_UNUSED_FUNCTION = YES;
				GCC_WARN_UNUSED_VARIABLE = YES;
				MACOSX_DEPLOYMENT_TARGET = 10.9;
				SDKROOT = macosx;
			};
			name = Release;
		};
		DCB041B81926817E00D945D2 /* Debug */ = {
			isa = XCBuildConfiguration;
			buildSettings = {
				ASSETCATALOG_COMPILER_APPICON_NAME = AppIcon;
				COMBINE_HIDPI_IMAGES = YES;
				FRAMEWORK_SEARCH_PATHS = (
					"$(inherited)",
					"$(PROJECT_DIR)",
				);
				GCC_PRECOMPILE_PREFIX_HEADER = YES;
				GCC_PREFIX_HEADER = "Sources/CoreImageShop-Prefix.pch";
				INFOPLIST_FILE = "Sources/CoreImageShop-Info.plist";
				LD_RUNPATH_SEARCH_PATHS = "@loader_path/../Frameworks";
				PRODUCT_NAME = "$(TARGET_NAME)";
				WRAPPER_EXTENSION = app;
			};
			name = Debug;
		};
		DCB041B91926817E00D945D2 /* Release */ = {
			isa = XCBuildConfiguration;
			buildSettings = {
				ASSETCATALOG_COMPILER_APPICON_NAME = AppIcon;
				COMBINE_HIDPI_IMAGES = YES;
				FRAMEWORK_SEARCH_PATHS = (
					"$(inherited)",
					"$(PROJECT_DIR)",
				);
				GCC_PRECOMPILE_PREFIX_HEADER = YES;
				GCC_PREFIX_HEADER = "Sources/CoreImageShop-Prefix.pch";
				INFOPLIST_FILE = "Sources/CoreImageShop-Info.plist";
				LD_RUNPATH_SEARCH_PATHS = "@loader_path/../Frameworks";
				PRODUCT_NAME = "$(TARGET_NAME)";
				WRAPPER_EXTENSION = app;
			};
			name = Release;
		};
/* End XCBuildConfiguration section */

/* Begin XCConfigurationList section */
		DCB041811926817D00D945D2 /* Build configuration list for PBXProject "CoreImageShop" */ = {
			isa = XCConfigurationList;
			buildConfigurations = (
				DCB041B51926817E00D945D2 /* Debug */,
				DCB041B61926817E00D945D2 /* Release */,
			);
			defaultConfigurationIsVisible = 0;
			defaultConfigurationName = Release;
		};
		DCB041B71926817E00D945D2 /* Build configuration list for PBXNativeTarget "CoreImageShop" */ = {
			isa = XCConfigurationList;
			buildConfigurations = (
				DCB041B81926817E00D945D2 /* Debug */,
				DCB041B91926817E00D945D2 /* Release */,
			);
			defaultConfigurationIsVisible = 0;
			defaultConfigurationName = Release;
		};
/* End XCConfigurationList section */
	};
	rootObject = DCB0417E1926817D00D945D2 /* Project object */;
}
